
Microsoft Visual Studio Solution File, Format Version 12.00
# Visual Studio Version 17
VisualStudioVersion = 17.5.002.0
MinimumVisualStudioVersion = 10.0.40219.1
Project("{9A19103F-16F7-4668-BE54-9A1E7A4F7556}") = "PlatformService", "PlatformService\PlatformService.csproj", "{5C6689D8-184B-4A16-99AE-2A3EA0EECADD}"
EndProject
Global
	GlobalSection(SolutionConfigurationPlatforms) = preSolution
		Debug|Any CPU = Debug|Any CPU
		Release|Any CPU = Release|Any CPU
	EndGlobalSection
	GlobalSection(ProjectConfigurationPlatforms) = postSolution
		{5C6689D8-184B-4A16-99AE-2A3EA0EECADD}.Debug|Any CPU.ActiveCfg = Debug|Any CPU
		{5C6689D8-184B-4A16-99AE-2A3EA0EECADD}.Debug|Any CPU.Build.0 = Debug|Any CPU
		{5C6689D8-184B-4A16-99AE-2A3EA0EECADD}.Release|Any CPU.ActiveCfg = Release|Any CPU
		{5C6689D8-184B-4A16-99AE-2A3EA0EECADD}.Release|Any CPU.Build.0 = Release|Any CPU
	EndGlobalSection
	GlobalSection(SolutionProperties) = preSolution
		HideSolutionNode = FALSE
	EndGlobalSection
	GlobalSection(ExtensibilityGlobals) = postSolution
		SolutionGuid = {73F960FD-4706-48B2-AA07-6970A6E227C5}
	EndGlobalSection
EndGlobal
